{
  "name": "fresh-mrp",
  "version": "0.0.1",
  "lockfileVersion": 1,
  "requires": true,
  "dependencies": {
    "lodash": {
      "version": "4.17.5",
      "resolved": "https://registry.npmjs.org/lodash/-/lodash-4.17.5.tgz",
      "integrity": "sha512-svL3uiZf1RwhH+cWrfZn3A4+U58wbP0tGVTLQPbjplZxZ8ROD9VLuNgsRniTlLe7OlSqR79RUehXgpBW/s0IQw=="
    },
    "moment": {
      "version": "2.22.1",
      "resolved": "https://registry.npmjs.org/moment/-/moment-2.22.1.tgz",
      "integrity": "sha512-shJkRTSebXvsVqk56I+lkb2latjBs8I+pc2TzWc545y2iFnSjm7Wg0QMh+ZWcdSLQyGEau5jI8ocnmkyTgr9YQ=="
    },
    "moment-business-days": {
      "version": "1.0.6",
      "resolved": "https://registry.npmjs.org/moment-business-days/-/moment-business-days-1.0.6.tgz",
      "integrity": "sha512-VV0i0u37qcdZDI3UkIH22Zb5V5WdmxZX+o6Jee8PuyK4kjsHo/UB3wf6oexWDxI/kIrisO1eDqgqn9hrwZtQ1A=="
    }
  }
}
